
Microsoft Visual Studio Solution File, Format Version 12.00
# Visual Studio Version 16
VisualStudioVersion = 16.0.29020.237
MinimumVisualStudioVersion = 10.0.40219.1
Project("{FAE04EC0-301F-11D3-BF4B-00C04F79EFBC}") = "acmevalidatorcli", "acmevalidatorcli.csproj", "{EEB353D3-C934-44D9-B0FF-64804B8463FA}"
EndProject
Global
	GlobalSection(SolutionConfigurationPlatforms) = preSolution
		Debug|Any CPU = Debug|Any CPU
		Release|Any CPU = Release|Any CPU
	EndGlobalSection
	GlobalSection(ProjectConfigurationPlatforms) = postSolution
		{EEB353D3-C934-44D9-B0FF-64804B8463FA}.Debug|Any CPU.ActiveCfg = Debug|Any CPU
		{EEB353D3-C934-44D9-B0FF-64804B8463FA}.Debug|Any CPU.Build.0 = Debug|Any CPU
		{EEB353D3-C934-44D9-B0FF-64804B8463FA}.Release|Any CPU.ActiveCfg = Release|Any CPU
		{EEB353D3-C934-44D9-B0FF-64804B8463FA}.Release|Any CPU.Build.0 = Release|Any CPU
	EndGlobalSection
	GlobalSection(SolutionProperties) = preSolution
		HideSolutionNode = FALSE
	EndGlobalSection
	GlobalSection(ExtensibilityGlobals) = postSolution
		SolutionGuid = {05510EF3-1EBA-4696-B539-64E5347E429A}
	EndGlobalSection
EndGlobal
